<?xml version="1.0" encoding="UTF-8" standalone="yes" ?>
<CodeBlocks_project_file>
   <FileVersion major="1" minor="6" />
   <Project>
      <Option title="SciProj2014" />
      <Option makefile_is_custom="1" />
      <Option compiler="gcc" />
      <Option virtualFolders="CMake Files\;CMake Files\src\;" />
      <Build>
      <Target title="all">
         <Option working_dir="/home/jack/Desktop/Science-Project-Fall-2014" />
         <Option type="4" />
         <MakeCommands>
            <Build command="/usr/bin/make -f &quot;/home/jack/Desktop/Science-Project-Fall-2014/Makefile&quot;  VERBOSE=1 all" />
            <CompileFile command="/usr/bin/make -f &quot;/home/jack/Desktop/Science-Project-Fall-2014/Makefile&quot;  VERBOSE=1 &quot;$file&quot;" />
            <Clean command="/usr/bin/make -f &quot;/home/jack/Desktop/Science-Project-Fall-2014/Makefile&quot;  VERBOSE=1 clean" />
            <DistClean command="/usr/bin/make -f &quot;/home/jack/Desktop/Science-Project-Fall-2014/Makefile&quot;  VERBOSE=1 clean" />
         </MakeCommands>
      </Target>
      <Target title="rebuild_cache">
         <Option working_dir="/home/jack/Desktop/Science-Project-Fall-2014" />
         <Option type="4" />
         <MakeCommands>
            <Build command="/usr/bin/make -f &quot;/home/jack/Desktop/Science-Project-Fall-2014/Makefile&quot;  VERBOSE=1 rebuild_cache" />
            <CompileFile command="/usr/bin/make -f &quot;/home/jack/Desktop/Science-Project-Fall-2014/Makefile&quot;  VERBOSE=1 &quot;$file&quot;" />
            <Clean command="/usr/bin/make -f &quot;/home/jack/Desktop/Science-Project-Fall-2014/Makefile&quot;  VERBOSE=1 clean" />
            <DistClean command="/usr/bin/make -f &quot;/home/jack/Desktop/Science-Project-Fall-2014/Makefile&quot;  VERBOSE=1 clean" />
         </MakeCommands>
      </Target>
      <Target title="datagen">
         <Option output="/home/jack/Desktop/Science-Project-Fall-2014/src/datagen" prefix_auto="0" extension_auto="0" />
         <Option working_dir="/home/jack/Desktop/Science-Project-Fall-2014/src" />
         <Option object_output="./" />
         <Option type="1" />
         <Option compiler="gcc" />
         <Compiler>
            <Add directory="/usr/bin/../lib/clang/3.5/include" />
            <Add directory="/usr/bin/../lib/gcc/x86_64-linux-gnu/4.8/../../../../include/c++/4.8" />
            <Add directory="/usr/bin/../lib/gcc/x86_64-linux-gnu/4.8/../../../../include/c++/4.8/backward" />
            <Add directory="/usr/bin/../lib/gcc/x86_64-linux-gnu/4.8/../../../../include/x86_64-linux-gnu/c++/4.8" />
            <Add directory="/usr/bin/../lib/gcc/x86_64-linux-gnu/4.8/include" />
            <Add directory="/usr/include" />
            <Add directory="/usr/include/x86_64-linux-gnu" />
            <Add directory="/usr/lib/gcc/x86_64-linux-gnu/4.8/include" />
            <Add directory="/usr/lib/gcc/x86_64-linux-gnu/4.8/include-fixed" />
            <Add directory="/usr/local/include" />
         </Compiler>
         <MakeCommands>
            <Build command="/usr/bin/make -f &quot;/home/jack/Desktop/Science-Project-Fall-2014/src/Makefile&quot;  VERBOSE=1 datagen" />
            <CompileFile command="/usr/bin/make -f &quot;/home/jack/Desktop/Science-Project-Fall-2014/src/Makefile&quot;  VERBOSE=1 &quot;$file&quot;" />
            <Clean command="/usr/bin/make -f &quot;/home/jack/Desktop/Science-Project-Fall-2014/src/Makefile&quot;  VERBOSE=1 clean" />
            <DistClean command="/usr/bin/make -f &quot;/home/jack/Desktop/Science-Project-Fall-2014/src/Makefile&quot;  VERBOSE=1 clean" />
         </MakeCommands>
      </Target>
      <Target title="datagen/fast">
         <Option output="/home/jack/Desktop/Science-Project-Fall-2014/src/datagen" prefix_auto="0" extension_auto="0" />
         <Option working_dir="/home/jack/Desktop/Science-Project-Fall-2014/src" />
         <Option object_output="./" />
         <Option type="1" />
         <Option compiler="gcc" />
         <Compiler>
            <Add directory="/usr/bin/../lib/clang/3.5/include" />
            <Add directory="/usr/bin/../lib/gcc/x86_64-linux-gnu/4.8/../../../../include/c++/4.8" />
            <Add directory="/usr/bin/../lib/gcc/x86_64-linux-gnu/4.8/../../../../include/c++/4.8/backward" />
            <Add directory="/usr/bin/../lib/gcc/x86_64-linux-gnu/4.8/../../../../include/x86_64-linux-gnu/c++/4.8" />
            <Add directory="/usr/bin/../lib/gcc/x86_64-linux-gnu/4.8/include" />
            <Add directory="/usr/include" />
            <Add directory="/usr/include/x86_64-linux-gnu" />
            <Add directory="/usr/lib/gcc/x86_64-linux-gnu/4.8/include" />
            <Add directory="/usr/lib/gcc/x86_64-linux-gnu/4.8/include-fixed" />
            <Add directory="/usr/local/include" />
         </Compiler>
         <MakeCommands>
            <Build command="/usr/bin/make -f &quot;/home/jack/Desktop/Science-Project-Fall-2014/src/Makefile&quot;  VERBOSE=1 datagen/fast" />
            <CompileFile command="/usr/bin/make -f &quot;/home/jack/Desktop/Science-Project-Fall-2014/src/Makefile&quot;  VERBOSE=1 &quot;$file&quot;" />
            <Clean command="/usr/bin/make -f &quot;/home/jack/Desktop/Science-Project-Fall-2014/src/Makefile&quot;  VERBOSE=1 clean" />
            <DistClean command="/usr/bin/make -f &quot;/home/jack/Desktop/Science-Project-Fall-2014/src/Makefile&quot;  VERBOSE=1 clean" />
         </MakeCommands>
      </Target>
      <Target title="tests">
         <Option output="/home/jack/Desktop/Science-Project-Fall-2014/src/tests" prefix_auto="0" extension_auto="0" />
         <Option working_dir="/home/jack/Desktop/Science-Project-Fall-2014/src" />
         <Option object_output="./" />
         <Option type="1" />
         <Option compiler="gcc" />
         <Compiler>
            <Add directory="/usr/bin/../lib/clang/3.5/include" />
            <Add directory="/usr/bin/../lib/gcc/x86_64-linux-gnu/4.8/../../../../include/c++/4.8" />
            <Add directory="/usr/bin/../lib/gcc/x86_64-linux-gnu/4.8/../../../../include/c++/4.8/backward" />
            <Add directory="/usr/bin/../lib/gcc/x86_64-linux-gnu/4.8/../../../../include/x86_64-linux-gnu/c++/4.8" />
            <Add directory="/usr/bin/../lib/gcc/x86_64-linux-gnu/4.8/include" />
            <Add directory="/usr/include" />
            <Add directory="/usr/include/x86_64-linux-gnu" />
            <Add directory="/usr/lib/gcc/x86_64-linux-gnu/4.8/include" />
            <Add directory="/usr/lib/gcc/x86_64-linux-gnu/4.8/include-fixed" />
            <Add directory="/usr/local/include" />
         </Compiler>
         <MakeCommands>
            <Build command="/usr/bin/make -f &quot;/home/jack/Desktop/Science-Project-Fall-2014/src/Makefile&quot;  VERBOSE=1 tests" />
            <CompileFile command="/usr/bin/make -f &quot;/home/jack/Desktop/Science-Project-Fall-2014/src/Makefile&quot;  VERBOSE=1 &quot;$file&quot;" />
            <Clean command="/usr/bin/make -f &quot;/home/jack/Desktop/Science-Project-Fall-2014/src/Makefile&quot;  VERBOSE=1 clean" />
            <DistClean command="/usr/bin/make -f &quot;/home/jack/Desktop/Science-Project-Fall-2014/src/Makefile&quot;  VERBOSE=1 clean" />
         </MakeCommands>
      </Target>
      <Target title="tests/fast">
         <Option output="/home/jack/Desktop/Science-Project-Fall-2014/src/tests" prefix_auto="0" extension_auto="0" />
         <Option working_dir="/home/jack/Desktop/Science-Project-Fall-2014/src" />
         <Option object_output="./" />
         <Option type="1" />
         <Option compiler="gcc" />
         <Compiler>
            <Add directory="/usr/bin/../lib/clang/3.5/include" />
            <Add directory="/usr/bin/../lib/gcc/x86_64-linux-gnu/4.8/../../../../include/c++/4.8" />
            <Add directory="/usr/bin/../lib/gcc/x86_64-linux-gnu/4.8/../../../../include/c++/4.8/backward" />
            <Add directory="/usr/bin/../lib/gcc/x86_64-linux-gnu/4.8/../../../../include/x86_64-linux-gnu/c++/4.8" />
            <Add directory="/usr/bin/../lib/gcc/x86_64-linux-gnu/4.8/include" />
            <Add directory="/usr/include" />
            <Add directory="/usr/include/x86_64-linux-gnu" />
            <Add directory="/usr/lib/gcc/x86_64-linux-gnu/4.8/include" />
            <Add directory="/usr/lib/gcc/x86_64-linux-gnu/4.8/include-fixed" />
            <Add directory="/usr/local/include" />
         </Compiler>
         <MakeCommands>
            <Build command="/usr/bin/make -f &quot;/home/jack/Desktop/Science-Project-Fall-2014/src/Makefile&quot;  VERBOSE=1 tests/fast" />
            <CompileFile command="/usr/bin/make -f &quot;/home/jack/Desktop/Science-Project-Fall-2014/src/Makefile&quot;  VERBOSE=1 &quot;$file&quot;" />
            <Clean command="/usr/bin/make -f &quot;/home/jack/Desktop/Science-Project-Fall-2014/src/Makefile&quot;  VERBOSE=1 clean" />
            <DistClean command="/usr/bin/make -f &quot;/home/jack/Desktop/Science-Project-Fall-2014/src/Makefile&quot;  VERBOSE=1 clean" />
         </MakeCommands>
      </Target>
      </Build>
      <Unit filename="/home/jack/Desktop/Science-Project-Fall-2014/src/data.c">
      </Unit>
      <Unit filename="/home/jack/Desktop/Science-Project-Fall-2014/src/datagen.c">
      </Unit>
      <Unit filename="/home/jack/Desktop/Science-Project-Fall-2014/src/insertion_sort.c">
      </Unit>
      <Unit filename="/home/jack/Desktop/Science-Project-Fall-2014/src/merge_sort.c">
      </Unit>
      <Unit filename="/home/jack/Desktop/Science-Project-Fall-2014/src/test.c">
      </Unit>
      <Unit filename="/home/jack/Desktop/Science-Project-Fall-2014/src/util.c">
      </Unit>
      <Unit filename="/home/jack/Desktop/Science-Project-Fall-2014/src/data.h">
      </Unit>
      <Unit filename="/home/jack/Desktop/Science-Project-Fall-2014/CMakeLists.txt">
          <Option virtualFolder="CMake Files\" />
      </Unit>
      <Unit filename="/home/jack/Desktop/Science-Project-Fall-2014/src/CMakeLists.txt">
          <Option virtualFolder="CMake Files\src\" />
      </Unit>
   </Project>
</CodeBlocks_project_file>
